<?xml version="1.0" encoding="utf-8"?>
<Project ToolsVersion="4.0" xmlns="http://schemas.microsoft.com/developer/msbuild/2003">
  <ItemGroup>
    <ClCompile Include="C:\Users\Demorian\Desktop\SM2ACM3K1\SM2ACM3k1\src\client\Game.cpp">
      <Filter>Source Files</Filter>
    </ClCompile>
    <ClCompile Include="C:\Users\Demorian\Desktop\SM2ACM3K1\SM2ACM3k1\src\client\Main.cpp">
      <Filter>Source Files</Filter>
    </ClCompile>
    <ClCompile Include="C:\Users\Demorian\Desktop\SM2ACM3K1\SM2ACM3k1\src\client\Map.cpp">
      <Filter>Source Files</Filter>
    </ClCompile>
    <ClCompile Include="C:\Users\Demorian\Desktop\SM2ACM3K1\SM2ACM3k1\src\client\MapLoader.cpp">
      <Filter>Source Files</Filter>
    </ClCompile>
    <ClCompile Include="C:\Users\Demorian\Desktop\SM2ACM3K1\SM2ACM3k1\src\client\UIComponent.cpp">
      <Filter>Source Files</Filter>
    </ClCompile>
    <ClCompile Include="C:\Users\Demorian\Desktop\SM2ACM3K1\SM2ACM3k1\src\client\UI\UI_Elements.cpp">
      <Filter>Source Files</Filter>
    </ClCompile>
    <ClCompile Include="C:\Users\Demorian\Desktop\SM2ACM3K1\SM2ACM3k1\src\client\tcp_net.cpp">
      <Filter>Source Files</Filter>
    </ClCompile>
    <ClCompile Include="C:\Users\Demorian\Desktop\SM2ACM3K1\SM2ACM3k1\src\client\Player.cpp">
      <Filter>Source Files</Filter>
    </ClCompile>
    <ClCompile Include="C:\Users\Demorian\Desktop\SM2ACM3K1\SM2ACM3k1\src\client\Players\PlayerInformation.cpp">
      <Filter>Source Files</Filter>
    </ClCompile>
    <ClCompile Include="C:\Users\Demorian\Desktop\SM2ACM3K1\SM2ACM3k1\src\client\mersenne.cpp">
      <Filter>Source Files</Filter>
    </ClCompile>
  </ItemGroup>
  <ItemGroup>
    <ClInclude Include="C:\Users\Demorian\Desktop\SM2ACM3K1\SM2ACM3k1\include\client\Game.hpp">
      <Filter>Header Files</Filter>
    </ClInclude>
    <ClInclude Include="C:\Users\Demorian\Desktop\SM2ACM3K1\SM2ACM3k1\include\client\UIComponent.hpp">
      <Filter>Header Files</Filter>
    </ClInclude>
    <ClInclude Include="C:\Users\Demorian\Desktop\SM2ACM3K1\SM2ACM3k1\include\client\UI\UI_Elements.hpp">
      <Filter>Header Files</Filter>
    </ClInclude>
    <ClInclude Include="C:\Users\Demorian\Desktop\SM2ACM3K1\SM2ACM3k1\include\client\Map.h">
      <Filter>Header Files</Filter>
    </ClInclude>
    <ClInclude Include="C:\Users\Demorian\Desktop\SM2ACM3K1\SM2ACM3k1\include\client\MapLoader.h">
      <Filter>Header Files</Filter>
    </ClInclude>
    <ClInclude Include="C:\Users\Demorian\Desktop\SM2ACM3K1\SM2ACM3k1\include\client\Players\PlayerInformation.hpp">
      <Filter>Header Files</Filter>
    </ClInclude>
    <ClInclude Include="C:\Users\Demorian\Desktop\SM2ACM3K1\SM2ACM3k1\include\client\Player.h">
      <Filter>Header Files</Filter>
    </ClInclude>
    <ClInclude Include="C:\Users\Demorian\Desktop\SM2ACM3K1\SM2ACM3k1\include\client\tcp_net.h">
      <Filter>Header Files</Filter>
    </ClInclude>
    <ClInclude Include="C:\Users\Demorian\Desktop\SM2ACM3K1\SM2ACM3k1\include\client\randomc.h">
      <Filter>Header Files</Filter>
    </ClInclude>
  </ItemGroup>
  <ItemGroup>
  </ItemGroup>
  <ItemGroup>
  </ItemGroup>
  <ItemGroup>
    <CustomBuild Include="..\..\..\src\client\CMakeLists.txt" />
  </ItemGroup>
  <ItemGroup>
    <Filter Include="Source Files">
      <UniqueIdentifier>{36ECD692-6960-4A21-9970-4C7089F186AD}</UniqueIdentifier>
    </Filter>
    <Filter Include="Header Files">
      <UniqueIdentifier>{47372A8F-C382-44B4-B7F1-472BF7242C2B}</UniqueIdentifier>
    </Filter>
  </ItemGroup>
  <ItemGroup>
  </ItemGroup>
</Project>
