Microsoft Visual Studio Solution File, Format Version 11.00
# Visual Studio 2010
Project("{8BC9CEB8-8B4A-11D0-8D11-00A0C91BC942}") = "ALL_BUILD", "ALL_BUILD.vcxproj", "{19C4B7A2-17FB-4465-9FE1-53766D9E54F4}"
	ProjectSection(ProjectDependencies) = postProject
		{A241BFC5-8BBE-4E22-A356-DDC9AE36AE66} = {A241BFC5-8BBE-4E22-A356-DDC9AE36AE66}
		{66CABAD7-0277-489E-B8DD-FCC41B19E084} = {66CABAD7-0277-489E-B8DD-FCC41B19E084}
		{F72EDB39-3B6C-480C-A25B-3E54BF912AFD} = {F72EDB39-3B6C-480C-A25B-3E54BF912AFD}
	EndProjectSection
EndProject
Project("{8BC9CEB8-8B4A-11D0-8D11-00A0C91BC942}") = "ZERO_CHECK", "ZERO_CHECK.vcxproj", "{A241BFC5-8BBE-4E22-A356-DDC9AE36AE66}"
	ProjectSection(ProjectDependencies) = postProject
	EndProjectSection
EndProject
Project("{8BC9CEB8-8B4A-11D0-8D11-00A0C91BC942}") = "client", "src\client\client.vcxproj", "{66CABAD7-0277-489E-B8DD-FCC41B19E084}"
	ProjectSection(ProjectDependencies) = postProject
		{A241BFC5-8BBE-4E22-A356-DDC9AE36AE66} = {A241BFC5-8BBE-4E22-A356-DDC9AE36AE66}
	EndProjectSection
EndProject
Project("{8BC9CEB8-8B4A-11D0-8D11-00A0C91BC942}") = "server", "src\server\server.vcxproj", "{F72EDB39-3B6C-480C-A25B-3E54BF912AFD}"
	ProjectSection(ProjectDependencies) = postProject
		{A241BFC5-8BBE-4E22-A356-DDC9AE36AE66} = {A241BFC5-8BBE-4E22-A356-DDC9AE36AE66}
	EndProjectSection
EndProject
Global
	GlobalSection(SolutionConfigurationPlatforms) = preSolution
		Debug|Win32 = Debug|Win32
		Release|Win32 = Release|Win32
		MinSizeRel|Win32 = MinSizeRel|Win32
		RelWithDebInfo|Win32 = RelWithDebInfo|Win32
	EndGlobalSection
	GlobalSection(ProjectConfigurationPlatforms) = postSolution
		{19C4B7A2-17FB-4465-9FE1-53766D9E54F4}.Debug|Win32.ActiveCfg = Debug|Win32
		{19C4B7A2-17FB-4465-9FE1-53766D9E54F4}.Release|Win32.ActiveCfg = Release|Win32
		{19C4B7A2-17FB-4465-9FE1-53766D9E54F4}.MinSizeRel|Win32.ActiveCfg = MinSizeRel|Win32
		{19C4B7A2-17FB-4465-9FE1-53766D9E54F4}.RelWithDebInfo|Win32.ActiveCfg = RelWithDebInfo|Win32
		{A241BFC5-8BBE-4E22-A356-DDC9AE36AE66}.Debug|Win32.ActiveCfg = Debug|Win32
		{A241BFC5-8BBE-4E22-A356-DDC9AE36AE66}.Debug|Win32.Build.0 = Debug|Win32
		{A241BFC5-8BBE-4E22-A356-DDC9AE36AE66}.Release|Win32.ActiveCfg = Release|Win32
		{A241BFC5-8BBE-4E22-A356-DDC9AE36AE66}.Release|Win32.Build.0 = Release|Win32
		{A241BFC5-8BBE-4E22-A356-DDC9AE36AE66}.MinSizeRel|Win32.ActiveCfg = MinSizeRel|Win32
		{A241BFC5-8BBE-4E22-A356-DDC9AE36AE66}.MinSizeRel|Win32.Build.0 = MinSizeRel|Win32
		{A241BFC5-8BBE-4E22-A356-DDC9AE36AE66}.RelWithDebInfo|Win32.ActiveCfg = RelWithDebInfo|Win32
		{A241BFC5-8BBE-4E22-A356-DDC9AE36AE66}.RelWithDebInfo|Win32.Build.0 = RelWithDebInfo|Win32
		{66CABAD7-0277-489E-B8DD-FCC41B19E084}.Debug|Win32.ActiveCfg = Debug|Win32
		{66CABAD7-0277-489E-B8DD-FCC41B19E084}.Debug|Win32.Build.0 = Debug|Win32
		{66CABAD7-0277-489E-B8DD-FCC41B19E084}.Release|Win32.ActiveCfg = Release|Win32
		{66CABAD7-0277-489E-B8DD-FCC41B19E084}.Release|Win32.Build.0 = Release|Win32
		{66CABAD7-0277-489E-B8DD-FCC41B19E084}.MinSizeRel|Win32.ActiveCfg = MinSizeRel|Win32
		{66CABAD7-0277-489E-B8DD-FCC41B19E084}.MinSizeRel|Win32.Build.0 = MinSizeRel|Win32
		{66CABAD7-0277-489E-B8DD-FCC41B19E084}.RelWithDebInfo|Win32.ActiveCfg = RelWithDebInfo|Win32
		{66CABAD7-0277-489E-B8DD-FCC41B19E084}.RelWithDebInfo|Win32.Build.0 = RelWithDebInfo|Win32
		{F72EDB39-3B6C-480C-A25B-3E54BF912AFD}.Debug|Win32.ActiveCfg = Debug|Win32
		{F72EDB39-3B6C-480C-A25B-3E54BF912AFD}.Debug|Win32.Build.0 = Debug|Win32
		{F72EDB39-3B6C-480C-A25B-3E54BF912AFD}.Release|Win32.ActiveCfg = Release|Win32
		{F72EDB39-3B6C-480C-A25B-3E54BF912AFD}.Release|Win32.Build.0 = Release|Win32
		{F72EDB39-3B6C-480C-A25B-3E54BF912AFD}.MinSizeRel|Win32.ActiveCfg = MinSizeRel|Win32
		{F72EDB39-3B6C-480C-A25B-3E54BF912AFD}.MinSizeRel|Win32.Build.0 = MinSizeRel|Win32
		{F72EDB39-3B6C-480C-A25B-3E54BF912AFD}.RelWithDebInfo|Win32.ActiveCfg = RelWithDebInfo|Win32
		{F72EDB39-3B6C-480C-A25B-3E54BF912AFD}.RelWithDebInfo|Win32.Build.0 = RelWithDebInfo|Win32
	EndGlobalSection
	GlobalSection(ExtensibilityGlobals) = postSolution
	EndGlobalSection
	GlobalSection(ExtensibilityAddIns) = postSolution
	EndGlobalSection
EndGlobal
