
Microsoft Visual Studio Solution File, Format Version 11.00
# Visual Studio 2010
Project("{911E67C6-3D85-4FCE-B560-20A9C3E3FF48}") = "client", "client.exe", "{7732B67C-2619-4C6A-8282-6C902738D645}"
	ProjectSection(DebuggerProjectSystem) = preProject
		PortSupplier = 00000000-0000-0000-0000-000000000000
		Executable = C:\Users\Demorian\Desktop\SM2ACM3K1\SM2ACM3k1\VSBuild\src\client\Debug\client.exe
		RemoteMachine = DEMORIAN-PC
		StartingDirectory = C:\Users\Demorian\Desktop\SM2ACM3K1\SM2ACM3k1\VSBuild\src\client\Debug
		Environment = Default
		LaunchingEngine = 00000000-0000-0000-0000-000000000000
		LaunchSQLEngine = No
		AttachLaunchAction = No
	EndProjectSection
EndProject
Global
	GlobalSection(SolutionConfigurationPlatforms) = preSolution
		Debug|x86 = Debug|x86
	EndGlobalSection
	GlobalSection(ProjectConfigurationPlatforms) = postSolution
		{7732B67C-2619-4C6A-8282-6C902738D645}.Debug|x86.ActiveCfg = Debug|x86
	EndGlobalSection
	GlobalSection(SolutionProperties) = preSolution
		HideSolutionNode = FALSE
	EndGlobalSection
EndGlobal
